// !$*UTF8*$!
{
	archiveVersion = 1;
	classes = {
	};
	objectVersion = 46;
	objects = {

/* Begin PBXBuildFile section */
		292B29FA1E94328C009E0464 /* TapjoyModule.h in Sources */ = {isa = PBXBuildFile; fileRef = 292B29F61E94328C009E0464 /* TapjoyModule.h */; };
		292B29FB1E94328C009E0464 /* TapjoyModule.m in Sources */ = {isa = PBXBuildFile; fileRef = 292B29F71E94328C009E0464 /* TapjoyModule.m */; };
		292B29FC1E94328C009E0464 /* TapjoyPlacementListener.h in Sources */ = {isa = PBXBuildFile; fileRef = 292B29F81E94328C009E0464 /* TapjoyPlacementListener.h */; };
		292B29FD1E94328C009E0464 /* TapjoyPlacementListener.m in Sources */ = {isa = PBXBuildFile; fileRef = 292B29F91E94328C009E0464 /* TapjoyPlacementListener.m */; };
/* End PBXBuildFile section */

/* Begin PBXCopyFilesBuildPhase section */
		29911A3B1E9028F600409FC6 /* Copy Header */ = {
			isa = PBXCopyFilesBuildPhase;
			buildActionMask = 2147483647;
			dstPath = "include/$(PRODUCT_NAME)";
			dstSubfolderSpec = 16;
			files = (
			);
			name = "Copy Header";
			runOnlyForDeploymentPostprocessing = 0;
		};
/* End PBXCopyFilesBuildPhase section */

/* Begin PBXFileReference section */
		292B29F61E94328C009E0464 /* TapjoyModule.h */ = {isa = PBXFileReference; lastKnownFileType = sourcecode.c.h; path = TapjoyModule.h; sourceTree = "<group>"; };
		292B29F71E94328C009E0464 /* TapjoyModule.m */ = {isa = PBXFileReference; lastKnownFileType = sourcecode.c.objc; path = TapjoyModule.m; sourceTree = "<group>"; };
		292B29F81E94328C009E0464 /* TapjoyPlacementListener.h */ = {isa = PBXFileReference; lastKnownFileType = sourcecode.c.h; path = TapjoyPlacementListener.h; sourceTree = "<group>"; };
		292B29F91E94328C009E0464 /* TapjoyPlacementListener.m */ = {isa = PBXFileReference; lastKnownFileType = sourcecode.c.objc; path = TapjoyPlacementListener.m; sourceTree = "<group>"; };
		29911A3D1E9028F600409FC6 /* libRNTapjoy.a */ = {isa = PBXFileReference; explicitFileType = archive.ar; includeInIndex = 0; path = libRNTapjoy.a; sourceTree = BUILT_PRODUCTS_DIR; };
		2991B3791E5F937B00BF4EC3 /* CFNetwork.framework */ = {isa = PBXFileReference; lastKnownFileType = wrapper.framework; name = CFNetwork.framework; path = System/Library/Frameworks/CFNetwork.framework; sourceTree = SDKROOT; };
		2991B37B1E5F938100BF4EC3 /* AdSupport.framework */ = {isa = PBXFileReference; lastKnownFileType = wrapper.framework; name = AdSupport.framework; path = System/Library/Frameworks/AdSupport.framework; sourceTree = SDKROOT; };
		2991B37D1E5F938A00BF4EC3 /* CoreData.framework */ = {isa = PBXFileReference; lastKnownFileType = wrapper.framework; name = CoreData.framework; path = System/Library/Frameworks/CoreData.framework; sourceTree = SDKROOT; };
		618C1C4D527D4080AB2B7838 /* AddressBook.framework */ = {isa = PBXFileReference; explicitFileType = undefined; fileEncoding = 9; includeInIndex = 0; lastKnownFileType = wrapper.framework; name = AddressBook.framework; path = System/Library/Frameworks/AddressBook.framework; sourceTree = SDKROOT; };
		B893503D8EA14836B6A8B06A /* SafariServices.framework */ = {isa = PBXFileReference; explicitFileType = undefined; fileEncoding = 9; includeInIndex = 0; lastKnownFileType = wrapper.framework; name = SafariServices.framework; path = System/Library/Frameworks/SafariServices.framework; sourceTree = SDKROOT; };
		C779D1BAC7F046B0AB10C41D /* libz.tbd */ = {isa = PBXFileReference; explicitFileType = undefined; fileEncoding = 9; includeInIndex = 0; lastKnownFileType = "sourcecode.text-based-dylib-definition"; name = libz.tbd; path = usr/lib/libz.tbd; sourceTree = SDKROOT; };
		E5660EE4B82A40DE8D541029 /* SystemConfiguration.framework */ = {isa = PBXFileReference; explicitFileType = undefined; fileEncoding = 9; includeInIndex = 0; lastKnownFileType = wrapper.framework; name = SystemConfiguration.framework; path = System/Library/Frameworks/SystemConfiguration.framework; sourceTree = SDKROOT; };
/* End PBXFileReference section */

/* Begin PBXFrameworksBuildPhase section */
		29911A3A1E9028F600409FC6 /* Frameworks */ = {
			isa = PBXFrameworksBuildPhase;
			buildActionMask = 2147483647;
			files = (
			);
			runOnlyForDeploymentPostprocessing = 0;
		};
/* End PBXFrameworksBuildPhase section */

/* Begin PBXGroup section */
		4F8267C94E884CB3B17328B8 /* Frameworks */ = {
			isa = PBXGroup;
			children = (
				2991B37D1E5F938A00BF4EC3 /* CoreData.framework */,
				2991B37B1E5F938100BF4EC3 /* AdSupport.framework */,
				2991B3791E5F937B00BF4EC3 /* CFNetwork.framework */,
				C779D1BAC7F046B0AB10C41D /* libz.tbd */,
				B893503D8EA14836B6A8B06A /* SafariServices.framework */,
				E5660EE4B82A40DE8D541029 /* SystemConfiguration.framework */,
				618C1C4D527D4080AB2B7838 /* AddressBook.framework */,
			);
			name = Frameworks;
			sourceTree = "<group>";
		};
		83CBB9F61A601CBA00E9B192 = {
			isa = PBXGroup;
			children = (
				292B29F61E94328C009E0464 /* TapjoyModule.h */,
				292B29F71E94328C009E0464 /* TapjoyModule.m */,
				292B29F81E94328C009E0464 /* TapjoyPlacementListener.h */,
				292B29F91E94328C009E0464 /* TapjoyPlacementListener.m */,
				83CBBA001A601CBA00E9B192 /* Products */,
				4F8267C94E884CB3B17328B8 /* Frameworks */,
			);
			indentWidth = 2;
			sourceTree = "<group>";
			tabWidth = 2;
		};
		83CBBA001A601CBA00E9B192 /* Products */ = {
			isa = PBXGroup;
			children = (
				29911A3D1E9028F600409FC6 /* libRNTapjoy.a */,
			);
			name = Products;
			sourceTree = "<group>";
		};
/* End PBXGroup section */

/* Begin PBXNativeTarget section */
		29911A3C1E9028F600409FC6 /* RNTapjoy */ = {
			isa = PBXNativeTarget;
			buildConfigurationList = 29911A431E9028F600409FC6 /* Build configuration list for PBXNativeTarget "RNTapjoy" */;
			buildPhases = (
				29911A391E9028F600409FC6 /* Sources */,
				29911A3A1E9028F600409FC6 /* Frameworks */,
				29911A3B1E9028F600409FC6 /* Copy Header */,
				292B293A1E9421EE009E0464 /* Resources */,
			);
			buildRules = (
			);
			dependencies = (
			);
			name = RNTapjoy;
			productName = RNTapjoy;
			productReference = 29911A3D1E9028F600409FC6 /* libRNTapjoy.a */;
			productType = "com.apple.product-type.library.static";
		};
/* End PBXNativeTarget section */

/* Begin PBXProject section */
		83CBB9F71A601CBA00E9B192 /* Project object */ = {
			isa = PBXProject;
			attributes = {
				LastUpgradeCheck = 610;
				ORGANIZATIONNAME = Facebook;
				TargetAttributes = {
					29911A3C1E9028F600409FC6 = {
						CreatedOnToolsVersion = 8.2.1;
						ProvisioningStyle = Automatic;
					};
				};
			};
			buildConfigurationList = 83CBB9FA1A601CBA00E9B192 /* Build configuration list for PBXProject "RNTapjoy" */;
			compatibilityVersion = "Xcode 3.2";
			developmentRegion = English;
			hasScannedForEncodings = 0;
			knownRegions = (
				en,
				Base,
			);
			mainGroup = 83CBB9F61A601CBA00E9B192;
			productRefGroup = 83CBBA001A601CBA00E9B192 /* Products */;
			projectDirPath = "";
			projectRoot = "";
			targets = (
				29911A3C1E9028F600409FC6 /* RNTapjoy */,
			);
		};
/* End PBXProject section */

/* Begin PBXResourcesBuildPhase section */
		292B293A1E9421EE009E0464 /* Resources */ = {
			isa = PBXResourcesBuildPhase;
			buildActionMask = 2147483647;
			files = (
			);
			runOnlyForDeploymentPostprocessing = 0;
		};
/* End PBXResourcesBuildPhase section */

/* Begin PBXSourcesBuildPhase section */
		29911A391E9028F600409FC6 /* Sources */ = {
			isa = PBXSourcesBuildPhase;
			buildActionMask = 2147483647;
			files = (
				292B29FA1E94328C009E0464 /* TapjoyModule.h in Sources */,
				292B29FB1E94328C009E0464 /* TapjoyModule.m in Sources */,
				292B29FC1E94328C009E0464 /* TapjoyPlacementListener.h in Sources */,
				292B29FD1E94328C009E0464 /* TapjoyPlacementListener.m in Sources */,
			);
			runOnlyForDeploymentPostprocessing = 0;
		};
/* End PBXSourcesBuildPhase section */

/* Begin XCBuildConfiguration section */
		29911A441E9028F600409FC6 /* Debug */ = {
			isa = XCBuildConfiguration;
			buildSettings = {
				CLANG_WARN_DOCUMENTATION_COMMENTS = YES;
				CLANG_WARN_INFINITE_RECURSION = YES;
				CLANG_WARN_SUSPICIOUS_MOVE = YES;
				FRAMEWORK_SEARCH_PATHS = (
					"$(inherited)",
					"${BUILT_PRODUCTS_DIR}/**",
					"${SRCROOT}/../../../ios/**",
				);
				HEADER_SEARCH_PATHS = (
					"$(inherited)",
					"$(SRCROOT)/../../react-native/React/**",
					"${SRCROOT}/../../../ios/**",
					"$(BUILT_PRODUCTS_DIR)/**",
				);
				IPHONEOS_DEPLOYMENT_TARGET = 8.0;
				OTHER_LDFLAGS = "-ObjC";
				PRODUCT_NAME = "$(TARGET_NAME)";
				SKIP_INSTALL = YES;
				STRIP_STYLE = debugging;
			};
			name = Debug;
		};
		29911A451E9028F600409FC6 /* Release */ = {
			isa = XCBuildConfiguration;
			buildSettings = {
				CLANG_WARN_DOCUMENTATION_COMMENTS = YES;
				CLANG_WARN_INFINITE_RECURSION = YES;
				CLANG_WARN_SUSPICIOUS_MOVE = YES;
				DEBUG_INFORMATION_FORMAT = "dwarf-with-dsym";
				FRAMEWORK_SEARCH_PATHS = (
					"$(inherited)",
					"${BUILT_PRODUCTS_DIR}/**",
					"${SRCROOT}/../../../ios/**",
				);
				HEADER_SEARCH_PATHS = (
					"$(inherited)",
					"$(SRCROOT)/../../react-native/React/**",
					"${SRCROOT}/../../../ios/**",
					"$(BUILT_PRODUCTS_DIR)/**",
				);
				IPHONEOS_DEPLOYMENT_TARGET = 8.0;
				OTHER_LDFLAGS = "-ObjC";
				PRODUCT_NAME = "$(TARGET_NAME)";
				SKIP_INSTALL = YES;
				STRIP_STYLE = debugging;
			};
			name = Release;
		};
		83CBBA201A601CBA00E9B192 /* Debug */ = {
			isa = XCBuildConfiguration;
			buildSettings = {
				ALWAYS_SEARCH_USER_PATHS = NO;
				CLANG_ANALYZER_NONNULL = YES;
				CLANG_CXX_LANGUAGE_STANDARD = "gnu++0x";
				CLANG_CXX_LIBRARY = "libc++";
				CLANG_ENABLE_MODULES = YES;
				CLANG_ENABLE_OBJC_ARC = YES;
				CLANG_WARN_BOOL_CONVERSION = YES;
				CLANG_WARN_CONSTANT_CONVERSION = YES;
				CLANG_WARN_DIRECT_OBJC_ISA_USAGE = YES_ERROR;
				CLANG_WARN_EMPTY_BODY = YES;
				CLANG_WARN_ENUM_CONVERSION = YES;
				CLANG_WARN_INT_CONVERSION = YES;
				CLANG_WARN_OBJC_ROOT_CLASS = YES_ERROR;
				CLANG_WARN_UNREACHABLE_CODE = YES;
				CLANG_WARN__DUPLICATE_METHOD_MATCH = YES;
				"CODE_SIGN_IDENTITY[sdk=iphoneos*]" = "iPhone Developer";
				COPY_PHASE_STRIP = NO;
				DEBUG_INFORMATION_FORMAT = dwarf;
				ENABLE_STRICT_OBJC_MSGSEND = YES;
				ENABLE_TESTABILITY = YES;
				GCC_C_LANGUAGE_STANDARD = gnu99;
				GCC_DYNAMIC_NO_PIC = NO;
				GCC_NO_COMMON_BLOCKS = YES;
				GCC_OPTIMIZATION_LEVEL = 0;
				GCC_PREPROCESSOR_DEFINITIONS = (
					"DEBUG=1",
					"$(inherited)",
				);
				GCC_SYMBOLS_PRIVATE_EXTERN = NO;
				GCC_WARN_64_TO_32_BIT_CONVERSION = YES;
				GCC_WARN_ABOUT_RETURN_TYPE = YES_ERROR;
				GCC_WARN_UNDECLARED_SELECTOR = YES;
				GCC_WARN_UNINITIALIZED_AUTOS = YES_AGGRESSIVE;
				GCC_WARN_UNUSED_FUNCTION = YES;
				GCC_WARN_UNUSED_VARIABLE = YES;
				IPHONEOS_DEPLOYMENT_TARGET = 8.0;
				MTL_ENABLE_DEBUG_INFO = YES;
				ONLY_ACTIVE_ARCH = YES;
				SDKROOT = iphoneos;
				SKIP_INSTALL = NO;
			};
			name = Debug;
		};
		83CBBA211A601CBA00E9B192 /* Release */ = {
			isa = XCBuildConfiguration;
			buildSettings = {
				ALWAYS_SEARCH_USER_PATHS = NO;
				CLANG_ANALYZER_NONNULL = YES;
				CLANG_CXX_LANGUAGE_STANDARD = "gnu++0x";
				CLANG_CXX_LIBRARY = "libc++";
				CLANG_ENABLE_MODULES = YES;
				CLANG_ENABLE_OBJC_ARC = YES;
				CLANG_WARN_BOOL_CONVERSION = YES;
				CLANG_WARN_CONSTANT_CONVERSION = YES;
				CLANG_WARN_DIRECT_OBJC_ISA_USAGE = YES_ERROR;
				CLANG_WARN_EMPTY_BODY = YES;
				CLANG_WARN_ENUM_CONVERSION = YES;
				CLANG_WARN_INT_CONVERSION = YES;
				CLANG_WARN_OBJC_ROOT_CLASS = YES_ERROR;
				CLANG_WARN_UNREACHABLE_CODE = YES;
				CLANG_WARN__DUPLICATE_METHOD_MATCH = YES;
				"CODE_SIGN_IDENTITY[sdk=iphoneos*]" = "iPhone Developer";
				COPY_PHASE_STRIP = NO;
				ENABLE_NS_ASSERTIONS = NO;
				ENABLE_STRICT_OBJC_MSGSEND = YES;
				GCC_C_LANGUAGE_STANDARD = gnu99;
				GCC_NO_COMMON_BLOCKS = YES;
				GCC_WARN_64_TO_32_BIT_CONVERSION = YES;
				GCC_WARN_ABOUT_RETURN_TYPE = YES_ERROR;
				GCC_WARN_UNDECLARED_SELECTOR = YES;
				GCC_WARN_UNINITIALIZED_AUTOS = YES_AGGRESSIVE;
				GCC_WARN_UNUSED_FUNCTION = YES;
				GCC_WARN_UNUSED_VARIABLE = YES;
				IPHONEOS_DEPLOYMENT_TARGET = 8.0;
				MTL_ENABLE_DEBUG_INFO = NO;
				SDKROOT = iphoneos;
				SKIP_INSTALL = NO;
				VALIDATE_PRODUCT = YES;
			};
			name = Release;
		};
/* End XCBuildConfiguration section */

/* Begin XCConfigurationList section */
		29911A431E9028F600409FC6 /* Build configuration list for PBXNativeTarget "RNTapjoy" */ = {
			isa = XCConfigurationList;
			buildConfigurations = (
				29911A441E9028F600409FC6 /* Debug */,
				29911A451E9028F600409FC6 /* Release */,
			);
			defaultConfigurationIsVisible = 0;
			defaultConfigurationName = Release;
		};
		83CBB9FA1A601CBA00E9B192 /* Build configuration list for PBXProject "RNTapjoy" */ = {
			isa = XCConfigurationList;
			buildConfigurations = (
				83CBBA201A601CBA00E9B192 /* Debug */,
				83CBBA211A601CBA00E9B192 /* Release */,
			);
			defaultConfigurationIsVisible = 0;
			defaultConfigurationName = Release;
		};
/* End XCConfigurationList section */
	};
	rootObject = 83CBB9F71A601CBA00E9B192 /* Project object */;
}
